
Microsoft Visual Studio Solution File, Format Version 12.00
# Visual Studio 2012
Project("{FAE04EC0-301F-11D3-BF4B-00C04F79EFBC}") = "Animales", "Animales\Animales.csproj", "{D07C9F3A-60BC-4134-B406-544ABCCC9CE2}"
EndProject
Global
	GlobalSection(SolutionConfigurationPlatforms) = preSolution
		Debug|Any CPU = Debug|Any CPU
		Release|Any CPU = Release|Any CPU
	EndGlobalSection
	GlobalSection(ProjectConfigurationPlatforms) = postSolution
		{D07C9F3A-60BC-4134-B406-544ABCCC9CE2}.Debug|Any CPU.ActiveCfg = Debug|Any CPU
		{D07C9F3A-60BC-4134-B406-544ABCCC9CE2}.Debug|Any CPU.Build.0 = Debug|Any CPU
		{D07C9F3A-60BC-4134-B406-544ABCCC9CE2}.Release|Any CPU.ActiveCfg = Release|Any CPU
		{D07C9F3A-60BC-4134-B406-544ABCCC9CE2}.Release|Any CPU.Build.0 = Release|Any CPU
	EndGlobalSection
	GlobalSection(SolutionProperties) = preSolution
		HideSolutionNode = FALSE
	EndGlobalSection
EndGlobal
